
Microsoft Visual Studio Solution File, Format Version 12.00
# Visual Studio Version 17
VisualStudioVersion = 17.3.32929.385
MinimumVisualStudioVersion = 10.0.40219.1
Project("{FAE04EC0-301F-11D3-BF4B-00C04F79EFBC}") = "Bonus Time", "Bonus Time.csproj", "{0710016C-A767-4962-BDA7-DEE38F84388A}"
EndProject
Global
	GlobalSection(SolutionConfigurationPlatforms) = preSolution
		Debug|Any CPU = Debug|Any CPU
		Release|Any CPU = Release|Any CPU
	EndGlobalSection
	GlobalSection(ProjectConfigurationPlatforms) = postSolution
		{0710016C-A767-4962-BDA7-DEE38F84388A}.Debug|Any CPU.ActiveCfg = Debug|Any CPU
		{0710016C-A767-4962-BDA7-DEE38F84388A}.Debug|Any CPU.Build.0 = Debug|Any CPU
		{0710016C-A767-4962-BDA7-DEE38F84388A}.Release|Any CPU.ActiveCfg = Release|Any CPU
		{0710016C-A767-4962-BDA7-DEE38F84388A}.Release|Any CPU.Build.0 = Release|Any CPU
	EndGlobalSection
	GlobalSection(SolutionProperties) = preSolution
		HideSolutionNode = FALSE
	EndGlobalSection
	GlobalSection(ExtensibilityGlobals) = postSolution
		SolutionGuid = {200AD81D-DCD4-4C3C-95FB-72B0C154E813}
	EndGlobalSection
EndGlobal
